// !$*UTF8*$!
{
	archiveVersion = 1;
	classes = {
	};
	objectVersion = 50;
	objects = {

/* Begin PBXBuildFile section */
		3299E09CE2E598E287B46DD0 /* Pods_Clean_Doggo.framework in Frameworks */ = {isa = PBXBuildFile; fileRef = 1640C88263BD487423A681BA /* Pods_Clean_Doggo.framework */; };
		410DCED32160FF5B005A2C7E /* AppDelegate.swift in Sources */ = {isa = PBXBuildFile; fileRef = 410DCED22160FF5B005A2C7E /* AppDelegate.swift */; };
		410DCED52160FF5B005A2C7E /* ViewController.swift in Sources */ = {isa = PBXBuildFile; fileRef = 410DCED42160FF5B005A2C7E /* ViewController.swift */; };
		410DCED82160FF5B005A2C7E /* Main.storyboard in Resources */ = {isa = PBXBuildFile; fileRef = 410DCED62160FF5B005A2C7E /* Main.storyboard */; };
		410DCEDA2160FF5D005A2C7E /* Assets.xcassets in Resources */ = {isa = PBXBuildFile; fileRef = 410DCED92160FF5D005A2C7E /* Assets.xcassets */; };
		410DCEDD2160FF5D005A2C7E /* LaunchScreen.storyboard in Resources */ = {isa = PBXBuildFile; fileRef = 410DCEDB2160FF5D005A2C7E /* LaunchScreen.storyboard */; };
		410DCEED21610D62005A2C7E /* BreedListPresenter.swift in Sources */ = {isa = PBXBuildFile; fileRef = 410DCEE621610D61005A2C7E /* BreedListPresenter.swift */; };
		410DCEEE21610D62005A2C7E /* BreedListWorker.swift in Sources */ = {isa = PBXBuildFile; fileRef = 410DCEE721610D61005A2C7E /* BreedListWorker.swift */; };
		410DCEEF21610D62005A2C7E /* BreedListRouter.swift in Sources */ = {isa = PBXBuildFile; fileRef = 410DCEE821610D62005A2C7E /* BreedListRouter.swift */; };
		410DCEF021610D62005A2C7E /* BreedListModels.swift in Sources */ = {isa = PBXBuildFile; fileRef = 410DCEE921610D62005A2C7E /* BreedListModels.swift */; };
		410DCEF121610D62005A2C7E /* BreedListViewController.swift in Sources */ = {isa = PBXBuildFile; fileRef = 410DCEEA21610D62005A2C7E /* BreedListViewController.swift */; };
		410DCEF221610D62005A2C7E /* BreedListInteractor.swift in Sources */ = {isa = PBXBuildFile; fileRef = 410DCEEB21610D62005A2C7E /* BreedListInteractor.swift */; };
		410DCEF321610D62005A2C7E /* BreedListConfigurator.swift in Sources */ = {isa = PBXBuildFile; fileRef = 410DCEEC21610D62005A2C7E /* BreedListConfigurator.swift */; };
/* End PBXBuildFile section */

/* Begin PBXFileReference section */
		1640C88263BD487423A681BA /* Pods_Clean_Doggo.framework */ = {isa = PBXFileReference; explicitFileType = wrapper.framework; includeInIndex = 0; path = Pods_Clean_Doggo.framework; sourceTree = BUILT_PRODUCTS_DIR; };
		410DCECF2160FF5B005A2C7E /* Clean Doggo.app */ = {isa = PBXFileReference; explicitFileType = wrapper.application; includeInIndex = 0; path = "Clean Doggo.app"; sourceTree = BUILT_PRODUCTS_DIR; };
		410DCED22160FF5B005A2C7E /* AppDelegate.swift */ = {isa = PBXFileReference; lastKnownFileType = sourcecode.swift; path = AppDelegate.swift; sourceTree = "<group>"; };
		410DCED42160FF5B005A2C7E /* ViewController.swift */ = {isa = PBXFileReference; lastKnownFileType = sourcecode.swift; path = ViewController.swift; sourceTree = "<group>"; };
		410DCED72160FF5B005A2C7E /* Base */ = {isa = PBXFileReference; lastKnownFileType = file.storyboard; name = Base; path = Base.lproj/Main.storyboard; sourceTree = "<group>"; };
		410DCED92160FF5D005A2C7E /* Assets.xcassets */ = {isa = PBXFileReference; lastKnownFileType = folder.assetcatalog; path = Assets.xcassets; sourceTree = "<group>"; };
		410DCEDC2160FF5D005A2C7E /* Base */ = {isa = PBXFileReference; lastKnownFileType = file.storyboard; name = Base; path = Base.lproj/LaunchScreen.storyboard; sourceTree = "<group>"; };
		410DCEDE2160FF5D005A2C7E /* Info.plist */ = {isa = PBXFileReference; lastKnownFileType = text.plist.xml; path = Info.plist; sourceTree = "<group>"; };
		410DCEE621610D61005A2C7E /* BreedListPresenter.swift */ = {isa = PBXFileReference; lastKnownFileType = sourcecode.swift; path = BreedListPresenter.swift; sourceTree = "<group>"; };
		410DCEE721610D61005A2C7E /* BreedListWorker.swift */ = {isa = PBXFileReference; lastKnownFileType = sourcecode.swift; path = BreedListWorker.swift; sourceTree = "<group>"; };
		410DCEE821610D62005A2C7E /* BreedListRouter.swift */ = {isa = PBXFileReference; lastKnownFileType = sourcecode.swift; path = BreedListRouter.swift; sourceTree = "<group>"; };
		410DCEE921610D62005A2C7E /* BreedListModels.swift */ = {isa = PBXFileReference; lastKnownFileType = sourcecode.swift; path = BreedListModels.swift; sourceTree = "<group>"; };
		410DCEEA21610D62005A2C7E /* BreedListViewController.swift */ = {isa = PBXFileReference; lastKnownFileType = sourcecode.swift; path = BreedListViewController.swift; sourceTree = "<group>"; };
		410DCEEB21610D62005A2C7E /* BreedListInteractor.swift */ = {isa = PBXFileReference; lastKnownFileType = sourcecode.swift; path = BreedListInteractor.swift; sourceTree = "<group>"; };
		410DCEEC21610D62005A2C7E /* BreedListConfigurator.swift */ = {isa = PBXFileReference; lastKnownFileType = sourcecode.swift; path = BreedListConfigurator.swift; sourceTree = "<group>"; };
		673F5211831A301F00564BE0 /* Pods-Clean Doggo.debug.xcconfig */ = {isa = PBXFileReference; includeInIndex = 1; lastKnownFileType = text.xcconfig; name = "Pods-Clean Doggo.debug.xcconfig"; path = "Pods/Target Support Files/Pods-Clean Doggo/Pods-Clean Doggo.debug.xcconfig"; sourceTree = "<group>"; };
		E2367771CF5DF289AF37C76B /* Pods-Clean Doggo.release.xcconfig */ = {isa = PBXFileReference; includeInIndex = 1; lastKnownFileType = text.xcconfig; name = "Pods-Clean Doggo.release.xcconfig"; path = "Pods/Target Support Files/Pods-Clean Doggo/Pods-Clean Doggo.release.xcconfig"; sourceTree = "<group>"; };
/* End PBXFileReference section */

/* Begin PBXFrameworksBuildPhase section */
		410DCECC2160FF5B005A2C7E /* Frameworks */ = {
			isa = PBXFrameworksBuildPhase;
			buildActionMask = 2147483647;
			files = (
				3299E09CE2E598E287B46DD0 /* Pods_Clean_Doggo.framework in Frameworks */,
			);
			runOnlyForDeploymentPostprocessing = 0;
		};
/* End PBXFrameworksBuildPhase section */

/* Begin PBXGroup section */
		410DCEC62160FF5B005A2C7E = {
			isa = PBXGroup;
			children = (
				410DCED12160FF5B005A2C7E /* Clean Doggo */,
				410DCED02160FF5B005A2C7E /* Products */,
				5FC7296B3E90544C1A660977 /* Pods */,
				86163BFFF7D045B69591743C /* Frameworks */,
			);
			sourceTree = "<group>";
		};
		410DCED02160FF5B005A2C7E /* Products */ = {
			isa = PBXGroup;
			children = (
				410DCECF2160FF5B005A2C7E /* Clean Doggo.app */,
			);
			name = Products;
			sourceTree = "<group>";
		};
		410DCED12160FF5B005A2C7E /* Clean Doggo */ = {
			isa = PBXGroup;
			children = (
				410DCEE421610D16005A2C7E /* Scenes */,
				410DCED22160FF5B005A2C7E /* AppDelegate.swift */,
				410DCED42160FF5B005A2C7E /* ViewController.swift */,
				410DCED62160FF5B005A2C7E /* Main.storyboard */,
				410DCED92160FF5D005A2C7E /* Assets.xcassets */,
				410DCEDB2160FF5D005A2C7E /* LaunchScreen.storyboard */,
				410DCEDE2160FF5D005A2C7E /* Info.plist */,
			);
			path = "Clean Doggo";
			sourceTree = "<group>";
		};
		410DCEE421610D16005A2C7E /* Scenes */ = {
			isa = PBXGroup;
			children = (
				410DCEE521610D2D005A2C7E /* BreedList */,
			);
			path = Scenes;
			sourceTree = "<group>";
		};
		410DCEE521610D2D005A2C7E /* BreedList */ = {
			isa = PBXGroup;
			children = (
				410DCEE621610D61005A2C7E /* BreedListPresenter.swift */,
				410DCEE721610D61005A2C7E /* BreedListWorker.swift */,
				410DCEE821610D62005A2C7E /* BreedListRouter.swift */,
				410DCEE921610D62005A2C7E /* BreedListModels.swift */,
				410DCEEA21610D62005A2C7E /* BreedListViewController.swift */,
				410DCEEB21610D62005A2C7E /* BreedListInteractor.swift */,
				410DCEEC21610D62005A2C7E /* BreedListConfigurator.swift */,
			);
			path = BreedList;
			sourceTree = "<group>";
		};
		5FC7296B3E90544C1A660977 /* Pods */ = {
			isa = PBXGroup;
			children = (
				673F5211831A301F00564BE0 /* Pods-Clean Doggo.debug.xcconfig */,
				E2367771CF5DF289AF37C76B /* Pods-Clean Doggo.release.xcconfig */,
			);
			name = Pods;
			sourceTree = "<group>";
		};
		86163BFFF7D045B69591743C /* Frameworks */ = {
			isa = PBXGroup;
			children = (
				1640C88263BD487423A681BA /* Pods_Clean_Doggo.framework */,
			);
			name = Frameworks;
			sourceTree = "<group>";
		};
/* End PBXGroup section */

/* Begin PBXNativeTarget section */
		410DCECE2160FF5B005A2C7E /* Clean Doggo */ = {
			isa = PBXNativeTarget;
			buildConfigurationList = 410DCEE12160FF5D005A2C7E /* Build configuration list for PBXNativeTarget "Clean Doggo" */;
			buildPhases = (
				69FB201403F2E2C785FF1852 /* [CP] Check Pods Manifest.lock */,
				410DCECB2160FF5B005A2C7E /* Sources */,
				410DCECC2160FF5B005A2C7E /* Frameworks */,
				410DCECD2160FF5B005A2C7E /* Resources */,
				D378F86980204704B8E4A8BC /* [CP] Embed Pods Frameworks */,
			);
			buildRules = (
			);
			dependencies = (
			);
			name = "Clean Doggo";
			productName = "Clean Doggo";
			productReference = 410DCECF2160FF5B005A2C7E /* Clean Doggo.app */;
			productType = "com.apple.product-type.application";
		};
/* End PBXNativeTarget section */

/* Begin PBXProject section */
		410DCEC72160FF5B005A2C7E /* Project object */ = {
			isa = PBXProject;
			attributes = {
				LastSwiftUpdateCheck = 1000;
				LastUpgradeCheck = 1000;
				ORGANIZATIONNAME = "Jovan Radivojsa";
				TargetAttributes = {
					410DCECE2160FF5B005A2C7E = {
						CreatedOnToolsVersion = 10.0;
					};
				};
			};
			buildConfigurationList = 410DCECA2160FF5B005A2C7E /* Build configuration list for PBXProject "Clean Doggo" */;
			compatibilityVersion = "Xcode 9.3";
			developmentRegion = en;
			hasScannedForEncodings = 0;
			knownRegions = (
				en,
				Base,
			);
			mainGroup = 410DCEC62160FF5B005A2C7E;
			productRefGroup = 410DCED02160FF5B005A2C7E /* Products */;
			projectDirPath = "";
			projectRoot = "";
			targets = (
				410DCECE2160FF5B005A2C7E /* Clean Doggo */,
			);
		};
/* End PBXProject section */

/* Begin PBXResourcesBuildPhase section */
		410DCECD2160FF5B005A2C7E /* Resources */ = {
			isa = PBXResourcesBuildPhase;
			buildActionMask = 2147483647;
			files = (
				410DCEDD2160FF5D005A2C7E /* LaunchScreen.storyboard in Resources */,
				410DCEDA2160FF5D005A2C7E /* Assets.xcassets in Resources */,
				410DCED82160FF5B005A2C7E /* Main.storyboard in Resources */,
			);
			runOnlyForDeploymentPostprocessing = 0;
		};
/* End PBXResourcesBuildPhase section */

/* Begin PBXShellScriptBuildPhase section */
		69FB201403F2E2C785FF1852 /* [CP] Check Pods Manifest.lock */ = {
			isa = PBXShellScriptBuildPhase;
			buildActionMask = 2147483647;
			files = (
			);
			inputFileListPaths = (
			);
			inputPaths = (
				"${PODS_PODFILE_DIR_PATH}/Podfile.lock",
				"${PODS_ROOT}/Manifest.lock",
			);
			name = "[CP] Check Pods Manifest.lock";
			outputFileListPaths = (
			);
			outputPaths = (
				"$(DERIVED_FILE_DIR)/Pods-Clean Doggo-checkManifestLockResult.txt",
			);
			runOnlyForDeploymentPostprocessing = 0;
			shellPath = /bin/sh;
			shellScript = "diff \"${PODS_PODFILE_DIR_PATH}/Podfile.lock\" \"${PODS_ROOT}/Manifest.lock\" > /dev/null\nif [ $? != 0 ] ; then\n    # print error to STDERR\n    echo \"error: The sandbox is not in sync with the Podfile.lock. Run 'pod install' or update your CocoaPods installation.\" >&2\n    exit 1\nfi\n# This output is used by Xcode 'outputs' to avoid re-running this script phase.\necho \"SUCCESS\" > \"${SCRIPT_OUTPUT_FILE_0}\"\n";
			showEnvVarsInLog = 0;
		};
		D378F86980204704B8E4A8BC /* [CP] Embed Pods Frameworks */ = {
			isa = PBXShellScriptBuildPhase;
			buildActionMask = 2147483647;
			files = (
			);
			inputFileListPaths = (
			);
			inputPaths = (
				"${SRCROOT}/Pods/Target Support Files/Pods-Clean Doggo/Pods-Clean Doggo-frameworks.sh",
				"${BUILT_PRODUCTS_DIR}/Alamofire/Alamofire.framework",
				"${BUILT_PRODUCTS_DIR}/GSImageViewerController/GSImageViewerController.framework",
			);
			name = "[CP] Embed Pods Frameworks";
			outputFileListPaths = (
			);
			outputPaths = (
				"${TARGET_BUILD_DIR}/${FRAMEWORKS_FOLDER_PATH}/Alamofire.framework",
				"${TARGET_BUILD_DIR}/${FRAMEWORKS_FOLDER_PATH}/GSImageViewerController.framework",
			);
			runOnlyForDeploymentPostprocessing = 0;
			shellPath = /bin/sh;
			shellScript = "\"${SRCROOT}/Pods/Target Support Files/Pods-Clean Doggo/Pods-Clean Doggo-frameworks.sh\"\n";
			showEnvVarsInLog = 0;
		};
/* End PBXShellScriptBuildPhase section */

/* Begin PBXSourcesBuildPhase section */
		410DCECB2160FF5B005A2C7E /* Sources */ = {
			isa = PBXSourcesBuildPhase;
			buildActionMask = 2147483647;
			files = (
				410DCEF021610D62005A2C7E /* BreedListModels.swift in Sources */,
				410DCEF321610D62005A2C7E /* BreedListConfigurator.swift in Sources */,
				410DCEEF21610D62005A2C7E /* BreedListRouter.swift in Sources */,
				410DCEF121610D62005A2C7E /* BreedListViewController.swift in Sources */,
				410DCEEE21610D62005A2C7E /* BreedListWorker.swift in Sources */,
				410DCED52160FF5B005A2C7E /* ViewController.swift in Sources */,
				410DCEF221610D62005A2C7E /* BreedListInteractor.swift in Sources */,
				410DCED32160FF5B005A2C7E /* AppDelegate.swift in Sources */,
				410DCEED21610D62005A2C7E /* BreedListPresenter.swift in Sources */,
			);
			runOnlyForDeploymentPostprocessing = 0;
		};
/* End PBXSourcesBuildPhase section */

/* Begin PBXVariantGroup section */
		410DCED62160FF5B005A2C7E /* Main.storyboard */ = {
			isa = PBXVariantGroup;
			children = (
				410DCED72160FF5B005A2C7E /* Base */,
			);
			name = Main.storyboard;
			sourceTree = "<group>";
		};
		410DCEDB2160FF5D005A2C7E /* LaunchScreen.storyboard */ = {
			isa = PBXVariantGroup;
			children = (
				410DCEDC2160FF5D005A2C7E /* Base */,
			);
			name = LaunchScreen.storyboard;
			sourceTree = "<group>";
		};
/* End PBXVariantGroup section */

/* Begin XCBuildConfiguration section */
		410DCEDF2160FF5D005A2C7E /* Debug */ = {
			isa = XCBuildConfiguration;
			buildSettings = {
				ALWAYS_SEARCH_USER_PATHS = NO;
				CLANG_ANALYZER_NONNULL = YES;
				CLANG_ANALYZER_NUMBER_OBJECT_CONVERSION = YES_AGGRESSIVE;
				CLANG_CXX_LANGUAGE_STANDARD = "gnu++14";
				CLANG_CXX_LIBRARY = "libc++";
				CLANG_ENABLE_MODULES = YES;
				CLANG_ENABLE_OBJC_ARC = YES;
				CLANG_ENABLE_OBJC_WEAK = YES;
				CLANG_WARN_BLOCK_CAPTURE_AUTORELEASING = YES;
				CLANG_WARN_BOOL_CONVERSION = YES;
				CLANG_WARN_COMMA = YES;
				CLANG_WARN_CONSTANT_CONVERSION = YES;
				CLANG_WARN_DEPRECATED_OBJC_IMPLEMENTATIONS = YES;
				CLANG_WARN_DIRECT_OBJC_ISA_USAGE = YES_ERROR;
				CLANG_WARN_DOCUMENTATION_COMMENTS = YES;
				CLANG_WARN_EMPTY_BODY = YES;
				CLANG_WARN_ENUM_CONVERSION = YES;
				CLANG_WARN_INFINITE_RECURSION = YES;
				CLANG_WARN_INT_CONVERSION = YES;
				CLANG_WARN_NON_LITERAL_NULL_CONVERSION = YES;
				CLANG_WARN_OBJC_IMPLICIT_RETAIN_SELF = YES;
				CLANG_WARN_OBJC_LITERAL_CONVERSION = YES;
				CLANG_WARN_OBJC_ROOT_CLASS = YES_ERROR;
				CLANG_WARN_RANGE_LOOP_ANALYSIS = YES;
				CLANG_WARN_STRICT_PROTOTYPES = YES;
				CLANG_WARN_SUSPICIOUS_MOVE = YES;
				CLANG_WARN_UNGUARDED_AVAILABILITY = YES_AGGRESSIVE;
				CLANG_WARN_UNREACHABLE_CODE = YES;
				CLANG_WARN__DUPLICATE_METHOD_MATCH = YES;
				CODE_SIGN_IDENTITY = "iPhone Developer";
				COPY_PHASE_STRIP = NO;
				DEBUG_INFORMATION_FORMAT = dwarf;
				ENABLE_STRICT_OBJC_MSGSEND = YES;
				ENABLE_TESTABILITY = YES;
				GCC_C_LANGUAGE_STANDARD = gnu11;
				GCC_DYNAMIC_NO_PIC = NO;
				GCC_NO_COMMON_BLOCKS = YES;
				GCC_OPTIMIZATION_LEVEL = 0;
				GCC_PREPROCESSOR_DEFINITIONS = (
					"DEBUG=1",
					"$(inherited)",
				);
				GCC_WARN_64_TO_32_BIT_CONVERSION = YES;
				GCC_WARN_ABOUT_RETURN_TYPE = YES_ERROR;
				GCC_WARN_UNDECLARED_SELECTOR = YES;
				GCC_WARN_UNINITIALIZED_AUTOS = YES_AGGRESSIVE;
				GCC_WARN_UNUSED_FUNCTION = YES;
				GCC_WARN_UNUSED_VARIABLE = YES;
				IPHONEOS_DEPLOYMENT_TARGET = 12.0;
				MTL_ENABLE_DEBUG_INFO = INCLUDE_SOURCE;
				MTL_FAST_MATH = YES;
				ONLY_ACTIVE_ARCH = YES;
				SDKROOT = iphoneos;
				SWIFT_ACTIVE_COMPILATION_CONDITIONS = DEBUG;
				SWIFT_OPTIMIZATION_LEVEL = "-Onone";
			};
			name = Debug;
		};
		410DCEE02160FF5D005A2C7E /* Release */ = {
			isa = XCBuildConfiguration;
			buildSettings = {
				ALWAYS_SEARCH_USER_PATHS = NO;
				CLANG_ANALYZER_NONNULL = YES;
				CLANG_ANALYZER_NUMBER_OBJECT_CONVERSION = YES_AGGRESSIVE;
				CLANG_CXX_LANGUAGE_STANDARD = "gnu++14";
				CLANG_CXX_LIBRARY = "libc++";
				CLANG_ENABLE_MODULES = YES;
				CLANG_ENABLE_OBJC_ARC = YES;
				CLANG_ENABLE_OBJC_WEAK = YES;
				CLANG_WARN_BLOCK_CAPTURE_AUTORELEASING = YES;
				CLANG_WARN_BOOL_CONVERSION = YES;
				CLANG_WARN_COMMA = YES;
				CLANG_WARN_CONSTANT_CONVERSION = YES;
				CLANG_WARN_DEPRECATED_OBJC_IMPLEMENTATIONS = YES;
				CLANG_WARN_DIRECT_OBJC_ISA_USAGE = YES_ERROR;
				CLANG_WARN_DOCUMENTATION_COMMENTS = YES;
				CLANG_WARN_EMPTY_BODY = YES;
				CLANG_WARN_ENUM_CONVERSION = YES;
				CLANG_WARN_INFINITE_RECURSION = YES;
				CLANG_WARN_INT_CONVERSION = YES;
				CLANG_WARN_NON_LITERAL_NULL_CONVERSION = YES;
				CLANG_WARN_OBJC_IMPLICIT_RETAIN_SELF = YES;
				CLANG_WARN_OBJC_LITERAL_CONVERSION = YES;
				CLANG_WARN_OBJC_ROOT_CLASS = YES_ERROR;
				CLANG_WARN_RANGE_LOOP_ANALYSIS = YES;
				CLANG_WARN_STRICT_PROTOTYPES = YES;
				CLANG_WARN_SUSPICIOUS_MOVE = YES;
				CLANG_WARN_UNGUARDED_AVAILABILITY = YES_AGGRESSIVE;
				CLANG_WARN_UNREACHABLE_CODE = YES;
				CLANG_WARN__DUPLICATE_METHOD_MATCH = YES;
				CODE_SIGN_IDENTITY = "iPhone Developer";
				COPY_PHASE_STRIP = NO;
				DEBUG_INFORMATION_FORMAT = "dwarf-with-dsym";
				ENABLE_NS_ASSERTIONS = NO;
				ENABLE_STRICT_OBJC_MSGSEND = YES;
				GCC_C_LANGUAGE_STANDARD = gnu11;
				GCC_NO_COMMON_BLOCKS = YES;
				GCC_WARN_64_TO_32_BIT_CONVERSION = YES;
				GCC_WARN_ABOUT_RETURN_TYPE = YES_ERROR;
				GCC_WARN_UNDECLARED_SELECTOR = YES;
				GCC_WARN_UNINITIALIZED_AUTOS = YES_AGGRESSIVE;
				GCC_WARN_UNUSED_FUNCTION = YES;
				GCC_WARN_UNUSED_VARIABLE = YES;
				IPHONEOS_DEPLOYMENT_TARGET = 12.0;
				MTL_ENABLE_DEBUG_INFO = NO;
				MTL_FAST_MATH = YES;
				SDKROOT = iphoneos;
				SWIFT_COMPILATION_MODE = wholemodule;
				SWIFT_OPTIMIZATION_LEVEL = "-O";
				VALIDATE_PRODUCT = YES;
			};
			name = Release;
		};
		410DCEE22160FF5D005A2C7E /* Debug */ = {
			isa = XCBuildConfiguration;
			baseConfigurationReference = 673F5211831A301F00564BE0 /* Pods-Clean Doggo.debug.xcconfig */;
			buildSettings = {
				ASSETCATALOG_COMPILER_APPICON_NAME = AppIcon;
				CODE_SIGN_IDENTITY = "iPhone Developer";
				CODE_SIGN_STYLE = Automatic;
				DEVELOPMENT_TEAM = SJXJJQNG35;
				INFOPLIST_FILE = "Clean Doggo/Info.plist";
				LD_RUNPATH_SEARCH_PATHS = (
					"$(inherited)",
					"@executable_path/Frameworks",
				);
				PRODUCT_BUNDLE_IDENTIFIER = Krompirko.buraz12345;
				PRODUCT_NAME = "$(TARGET_NAME)";
				PROVISIONING_PROFILE_SPECIFIER = "";
				SWIFT_VERSION = 4.2;
				TARGETED_DEVICE_FAMILY = "1,2";
			};
			name = Debug;
		};
		410DCEE32160FF5D005A2C7E /* Release */ = {
			isa = XCBuildConfiguration;
			baseConfigurationReference = E2367771CF5DF289AF37C76B /* Pods-Clean Doggo.release.xcconfig */;
			buildSettings = {
				ASSETCATALOG_COMPILER_APPICON_NAME = AppIcon;
				CODE_SIGN_IDENTITY = "iPhone Developer";
				CODE_SIGN_STYLE = Automatic;
				DEVELOPMENT_TEAM = SJXJJQNG35;
				INFOPLIST_FILE = "Clean Doggo/Info.plist";
				LD_RUNPATH_SEARCH_PATHS = (
					"$(inherited)",
					"@executable_path/Frameworks",
				);
				PRODUCT_BUNDLE_IDENTIFIER = Krompirko.buraz12345;
				PRODUCT_NAME = "$(TARGET_NAME)";
				PROVISIONING_PROFILE_SPECIFIER = "";
				SWIFT_VERSION = 4.2;
				TARGETED_DEVICE_FAMILY = "1,2";
			};
			name = Release;
		};
/* End XCBuildConfiguration section */

/* Begin XCConfigurationList section */
		410DCECA2160FF5B005A2C7E /* Build configuration list for PBXProject "Clean Doggo" */ = {
			isa = XCConfigurationList;
			buildConfigurations = (
				410DCEDF2160FF5D005A2C7E /* Debug */,
				410DCEE02160FF5D005A2C7E /* Release */,
			);
			defaultConfigurationIsVisible = 0;
			defaultConfigurationName = Release;
		};
		410DCEE12160FF5D005A2C7E /* Build configuration list for PBXNativeTarget "Clean Doggo" */ = {
			isa = XCConfigurationList;
			buildConfigurations = (
				410DCEE22160FF5D005A2C7E /* Debug */,
				410DCEE32160FF5D005A2C7E /* Release */,
			);
			defaultConfigurationIsVisible = 0;
			defaultConfigurationName = Release;
		};
/* End XCConfigurationList section */
	};
	rootObject = 410DCEC72160FF5B005A2C7E /* Project object */;
}
